<Solution>
  <Folder Name="/Solution Items/">
    <File Path="Directory.Packages.props" />
    <File Path="../LICENSE" />
    <File Path="../README.md" />
  </Folder>
  <Project Path="AbsurdSdk.Sample/AbsurdSdk.Sample.csproj" />
  <Project Path="AbsurdSdk.Tests/AbsurdSdk.Tests.csproj" />
  <Project Path="AbsurdSdk/AbsurdSdk.csproj" />
</Solution>